<?xml version="1.0" encoding="utf-8"?>
<Project ToolsVersion="4.0" xmlns="http://schemas.microsoft.com/developer/msbuild/2003">
  <ItemGroup>
    <ClCompile Include="main.cpp">
      <Filter>Src\Script</Filter>
    </ClCompile>
    <ClCompile Include="script.cpp">
      <Filter>Src\Script</Filter>
    </ClCompile>
    <ClCompile Include="keyboard.cpp">
      <Filter>Src\Script</Filter>
    </ClCompile>
    <ClCompile Include="Prompt.cpp">
      <Filter>Src\Prompt</Filter>
    </ClCompile>
    <ClCompile Include="AttachedRope.cpp">
      <Filter>Src\Ropes</Filter>
    </ClCompile>
    <ClCompile Include="AttachedRopesHandling.cpp">
      <Filter>Src\Ropes</Filter>
    </ClCompile>
    <ClCompile Include="world.cpp">
      <Filter>Src\World</Filter>
    </ClCompile>
    <ClCompile Include="PlayerActionsHandling.cpp">
      <Filter>Src\Actions</Filter>
    </ClCompile>
    <ClCompile Include="AttachLassoController.cpp">
      <Filter>Src\Actions</Filter>
    </ClCompile>
    <ClCompile Include="BaseActionsController.cpp">
      <Filter>Src\Actions</Filter>
    </ClCompile>
    <ClCompile Include="AttachHogtiedController.cpp">
      <Filter>Src\Actions</Filter>
    </ClCompile>
    <ClCompile Include="KickPedController.cpp">
      <Filter>Src\Actions</Filter>
    </ClCompile>
    <ClCompile Include="Math.cpp">
      <Filter>Src\Script</Filter>
    </ClCompile>
    <ClCompile Include="AttachPickedUpController.cpp">
      <Filter>Src\Actions</Filter>
    </ClCompile>
    <ClCompile Include="GameStopwatch.cpp">
      <Filter>Src\Script\Stopwatch</Filter>
    </ClCompile>
    <ClCompile Include="Stopwatch.cpp">
      <Filter>Src\Script\Stopwatch</Filter>
    </ClCompile>
    <ClCompile Include="WindRopeController.cpp">
      <Filter>Src\Actions</Filter>
    </ClCompile>
    <ClCompile Include="HangPedController.cpp">
      <Filter>Src\Actions</Filter>
    </ClCompile>
    <ClCompile Include="MultiVertexRope.cpp">
      <Filter>Src\Ropes</Filter>
    </ClCompile>
    <ClCompile Include="Vehicles.cpp">
      <Filter>Src\World\Vehicles</Filter>
    </ClCompile>
    <ClCompile Include="StowBodyController.cpp">
      <Filter>Src\Actions</Filter>
    </ClCompile>
    <ClCompile Include="UnwindRopeController.cpp">
      <Filter>Src\Actions</Filter>
    </ClCompile>
    <ClCompile Include="Camera.cpp">
      <Filter>Src\World</Filter>
    </ClCompile>
    <ClCompile Include="PullGallowLeverController.cpp">
      <Filter>Src\Actions</Filter>
    </ClCompile>
    <ClCompile Include="Gallow.cpp">
      <Filter>Src\World\Gallows</Filter>
    </ClCompile>
    <ClCompile Include="ValentineGallows.cpp">
      <Filter>Src\World\Gallows</Filter>
    </ClCompile>
  </ItemGroup>
  <ItemGroup>
    <ClInclude Include="..\..\inc\types.h">
      <Filter>include</Filter>
    </ClInclude>
    <ClInclude Include="..\..\inc\enums.h">
      <Filter>include</Filter>
    </ClInclude>
    <ClInclude Include="..\..\inc\natives.h">
      <Filter>include</Filter>
    </ClInclude>
    <ClInclude Include="..\..\inc\main.h">
      <Filter>include</Filter>
    </ClInclude>
    <ClInclude Include="Main.h">
      <Filter>include</Filter>
    </ClInclude>
    <ClInclude Include="script.h">
      <Filter>Src\Script</Filter>
    </ClInclude>
    <ClInclude Include="keyboard.h">
      <Filter>Src\Script</Filter>
    </ClInclude>
    <ClInclude Include="Prompt.h">
      <Filter>Src\Prompt</Filter>
    </ClInclude>
    <ClInclude Include="AttachedRope.h">
      <Filter>Src\Ropes</Filter>
    </ClInclude>
    <ClInclude Include="AttachedRopesHanding.h">
      <Filter>Src\Ropes</Filter>
    </ClInclude>
    <ClInclude Include="world.h">
      <Filter>Src\World</Filter>
    </ClInclude>
    <ClInclude Include="PlayerActionsHandling.h">
      <Filter>Src\Actions</Filter>
    </ClInclude>
    <ClInclude Include="Stopwatch.h">
      <Filter>Src\Script\Stopwatch</Filter>
    </ClInclude>
    <ClInclude Include="AttachLassoController.h">
      <Filter>Src\Actions</Filter>
    </ClInclude>
    <ClInclude Include="KickPedController.h">
      <Filter>Src\Actions</Filter>
    </ClInclude>
    <ClInclude Include="AttachHogtiedController.h">
      <Filter>Src\Actions</Filter>
    </ClInclude>
    <ClInclude Include="AttachPickedUpController.h">
      <Filter>Src\Actions</Filter>
    </ClInclude>
    <ClInclude Include="WindRopeController.h">
      <Filter>Src\Actions</Filter>
    </ClInclude>
    <ClInclude Include="BaseActionsController.h">
      <Filter>Src\Actions</Filter>
    </ClInclude>
    <ClInclude Include="HangPedController.h">
      <Filter>Src\Actions</Filter>
    </ClInclude>
    <ClInclude Include="MultiVertexRope.h">
      <Filter>Src\Ropes</Filter>
    </ClInclude>
    <ClInclude Include="Rope.h">
      <Filter>Src\Ropes</Filter>
    </ClInclude>
    <ClInclude Include="Vehicles.h">
      <Filter>Src\World\Vehicles</Filter>
    </ClInclude>
    <ClInclude Include="StowBodyController.h">
      <Filter>Src\Actions</Filter>
    </ClInclude>
    <ClInclude Include="UnwindRopeController.h">
      <Filter>Src\Actions</Filter>
    </ClInclude>
    <ClInclude Include="Camera.h">
      <Filter>Src\World</Filter>
    </ClInclude>
    <ClInclude Include="PullGallowLeverController.h">
      <Filter>Src\Actions</Filter>
    </ClInclude>
    <ClInclude Include="Gallow.h">
      <Filter>Src\World\Gallows</Filter>
    </ClInclude>
    <ClInclude Include="StandardGallows.h">
      <Filter>Src\World\Gallows</Filter>
    </ClInclude>
    <ClInclude Include="ValentineGallows.h">
      <Filter>Src\World\Gallows</Filter>
    </ClInclude>
  </ItemGroup>
  <ItemGroup>
    <Filter Include="include">
      <UniqueIdentifier>{fe82bd4a-2d14-486a-8be5-8bf6b50a2414}</UniqueIdentifier>
    </Filter>
    <Filter Include="Src">
      <UniqueIdentifier>{99988ac4-ab5d-4a8e-ad13-6426aa838402}</UniqueIdentifier>
    </Filter>
    <Filter Include="Src\Actions">
      <UniqueIdentifier>{a42d84bc-a9ac-4542-b8d2-614ebde654fb}</UniqueIdentifier>
    </Filter>
    <Filter Include="Src\Prompt">
      <UniqueIdentifier>{733612d0-6ed0-48b3-bea5-e46a72eb43ff}</UniqueIdentifier>
    </Filter>
    <Filter Include="Src\Script">
      <UniqueIdentifier>{1ab8b354-9e05-4e09-af58-2ecd61348e89}</UniqueIdentifier>
    </Filter>
    <Filter Include="Src\World">
      <UniqueIdentifier>{6db80ad3-fbb5-4bb0-9a52-c14b20395c43}</UniqueIdentifier>
    </Filter>
    <Filter Include="Src\Script\Stopwatch">
      <UniqueIdentifier>{1c184575-0720-41a2-9eb6-e3c77343c25e}</UniqueIdentifier>
    </Filter>
    <Filter Include="Src\Ropes">
      <UniqueIdentifier>{f9123656-93e1-4279-9c47-af84e66142b9}</UniqueIdentifier>
    </Filter>
    <Filter Include="Src\World\Vehicles">
      <UniqueIdentifier>{53d50ef4-e6f2-4818-a7c7-079e1082e49a}</UniqueIdentifier>
    </Filter>
    <Filter Include="Src\World\Gallows">
      <UniqueIdentifier>{09d7a543-8706-4e68-888d-110eae103125}</UniqueIdentifier>
    </Filter>
  </ItemGroup>
</Project>